dependencies:
- name: cloudnative-pg
  repository: https://cloudnative-pg.github.io/charts
  version: 0.26.0
- name: opensearch
  repository: https://opensearch-project.github.io/helm-charts
  version: 3.6.0
- name: ingress-nginx
  repository: https://kubernetes.github.io/ingress-nginx
  version: 4.13.3
- name: redis-operator
  repository: https://ot-container-kit.github.io/helm-charts
  version: 0.24.0
- name: redis
  repository: https://ot-container-kit.github.io/helm-charts
  version: 0.16.6
- name: minio
  repository: https://charts.min.io/
  version: 5.4.0
- name: code-interpreter
  repository: https://onyx-dot-app.github.io/python-sandbox/
  version: 0.3.3
digest: sha256:ac9af0caca2a12ef5e626d4fcdaf7d8d6bc372b7f7e66784b3196ce238f70061
generated: "2026-05-22T16:25:03.353673-07:00"
